<?xml version="1.0" encoding="utf-8"?>
<Project ToolsVersion="4.0" xmlns="http://schemas.microsoft.com/developer/msbuild/2003">
  <ItemGroup>
    <Filter Include="Source Files">
      <UniqueIdentifier>{4FC737F1-C7A5-4376-A066-2A32D752A2FF}</UniqueIdentifier>
      <Extensions>cpp;c;cc;cxx;c++;cppm;ixx;def;odl;idl;hpj;bat;asm;asmx</Extensions>
    </Filter>
    <Filter Include="Header Files">
      <UniqueIdentifier>{93995380-89BD-4b04-88EB-625FBE52EBFB}</UniqueIdentifier>
      <Extensions>h;hh;hpp;hxx;h++;hm;inl;inc;ipp;xsd</Extensions>
    </Filter>
    <Filter Include="Resource Files">
      <UniqueIdentifier>{67DA6AB6-F800-4c08-8B7A-83BB121AAD01}</UniqueIdentifier>
      <Extensions>rc;ico;cur;bmp;dlg;rc2;rct;bin;rgs;gif;jpg;jpeg;jpe;resx;tiff;tif;png;wav;mfcribbon-ms</Extensions>
    </Filter>
    <Filter Include="Header Files\RequestPackets">
      <UniqueIdentifier>{5e701cc6-2c2e-4f13-9a24-9f3279ed5e1d}</UniqueIdentifier>
    </Filter>
    <Filter Include="Header Files\ResponsePackets">
      <UniqueIdentifier>{0b42937d-8aa2-4b44-b08e-2fec58ee6ae4}</UniqueIdentifier>
    </Filter>
  </ItemGroup>
  <ItemGroup>
    <ClCompile Include="MessageUClient.cpp">
      <Filter>Source Files</Filter>
    </ClCompile>
    <ClCompile Include="Client.cpp">
      <Filter>Source Files</Filter>
    </ClCompile>
    <ClCompile Include="misc.cpp">
      <Filter>Source Files</Filter>
    </ClCompile>
    <ClCompile Include="packetReciever.cpp">
      <Filter>Source Files</Filter>
    </ClCompile>
    <ClCompile Include="packetTransmitter.cpp">
      <Filter>Source Files</Filter>
    </ClCompile>
    <ClCompile Include="AESWrapper.cpp">
      <Filter>Source Files</Filter>
    </ClCompile>
    <ClCompile Include="Base64Wrapper.cpp">
      <Filter>Source Files</Filter>
    </ClCompile>
    <ClCompile Include="RSAWrapper.cpp">
      <Filter>Source Files</Filter>
    </ClCompile>
    <ClCompile Include="SessionManager.cpp">
      <Filter>Source Files</Filter>
    </ClCompile>
  </ItemGroup>
  <ItemGroup>
    <None Include="packages.config" />
  </ItemGroup>
  <ItemGroup>
    <ClInclude Include="PacketStructs.h">
      <Filter>Header Files</Filter>
    </ClInclude>
    <ClInclude Include="Client.h">
      <Filter>Header Files</Filter>
    </ClInclude>
    <ClInclude Include="misc.h">
      <Filter>Header Files</Filter>
    </ClInclude>
    <ClInclude Include="packetTransmitter.h">
      <Filter>Header Files</Filter>
    </ClInclude>
    <ClInclude Include="packetReciever.h">
      <Filter>Header Files</Filter>
    </ClInclude>
    <ClInclude Include="AESWrapper.h">
      <Filter>Header Files</Filter>
    </ClInclude>
    <ClInclude Include="Base64Wrapper.h">
      <Filter>Header Files</Filter>
    </ClInclude>
    <ClInclude Include="RSAWrapper.h">
      <Filter>Header Files</Filter>
    </ClInclude>
    <ClInclude Include="SessionManager.h">
      <Filter>Header Files</Filter>
    </ClInclude>
    <ClInclude Include="ClientEntry.h">
      <Filter>Header Files</Filter>
    </ClInclude>
    <ClInclude Include="RequestPacketHeader.h">
      <Filter>Header Files\RequestPackets</Filter>
    </ClInclude>
    <ClInclude Include="RegisterPacket.h">
      <Filter>Header Files\RequestPackets</Filter>
    </ClInclude>
    <ClInclude Include="ClientListPacket.h">
      <Filter>Header Files\ResponsePackets</Filter>
    </ClInclude>
    <ClInclude Include="ResponsePacketHeader.h">
      <Filter>Header Files\ResponsePackets</Filter>
    </ClInclude>
    <ClInclude Include="RegisterSuccessPacket.h">
      <Filter>Header Files\ResponsePackets</Filter>
    </ClInclude>
    <ClInclude Include="PubKeyPullPacket.h">
      <Filter>Header Files\RequestPackets</Filter>
    </ClInclude>
    <ClInclude Include="PubKeyResponsePacket.h">
      <Filter>Header Files\ResponsePackets</Filter>
    </ClInclude>
    <ClInclude Include="MsgSendPacket.h">
      <Filter>Header Files\RequestPackets</Filter>
    </ClInclude>
    <ClInclude Include="MessagePacket.h">
      <Filter>Header Files\ResponsePackets</Filter>
    </ClInclude>
    <ClInclude Include="MsgEntry.h">
      <Filter>Header Files</Filter>
    </ClInclude>
  </ItemGroup>
</Project>